
Microsoft Visual Studio Solution File, Format Version 12.00
# Visual Studio Version 17
VisualStudioVersion = 17.14.36518.9 d17.14
MinimumVisualStudioVersion = 10.0.40219.1
Project("{2150E333-8FDC-42A3-9474-1A3956D46DE8}") = "Task0", "Task0", "{36D591C7-65C7-A0D1-1CBC-10CDE441BDC8}"
EndProject
Project("{FAE04EC0-301F-11D3-BF4B-00C04F79EFBC}") = "Tyuiu.BarabashMI.Sprint4.Task0.V20", "Tyuiu.BarabashMI.Sprint4.Task0.V20\Tyuiu.BarabashMI.Sprint4.Task0.V20.csproj", "{E3AF656D-585C-45A9-BD02-3F9DF6565C6B}"
EndProject
Project("{FAE04EC0-301F-11D3-BF4B-00C04F79EFBC}") = "Tyuiu.BarabashMI.Sprint4.Task0.V20.Lib", "Tyuiu.BarabashMI.Sprint4.Task0.V20.Lib\Tyuiu.BarabashMI.Sprint4.Task0.V20.Lib.csproj", "{BD07BE01-7CE1-44F2-88E3-1833C818178A}"
EndProject
Project("{FAE04EC0-301F-11D3-BF4B-00C04F79EFBC}") = "Tyuiu.BarabashMI.Sprint4.Task0.V20.Test", "Tyuiu.BarabashMI.Sprint4.Task0.V20.Test\Tyuiu.BarabashMI.Sprint4.Task0.V20.Test.csproj", "{17EEE170-CC23-4FDD-83E9-C85DED32791A}"
EndProject
Project("{2150E333-8FDC-42A3-9474-1A3956D46DE8}") = "Task1", "Task1", "{B6629A8F-C004-482D-8B76-681D1323F2F6}"
EndProject
Project("{FAE04EC0-301F-11D3-BF4B-00C04F79EFBC}") = "Tyuiu.BarabashMI.Sprint4.Task1.V18", "Tyuiu.BarabashMI.Sprint4.Task1.V18\Tyuiu.BarabashMI.Sprint4.Task1.V18.csproj", "{2F68D7D0-34D2-4092-B804-E85DBD90B3F7}"
EndProject
Project("{FAE04EC0-301F-11D3-BF4B-00C04F79EFBC}") = "Tyuiu.BarabashMI.Sprint4.Task1.V18.Lib", "Tyuiu.BarabashMI.Sprint4.Task1.V18.Lib\Tyuiu.BarabashMI.Sprint4.Task1.V18.Lib.csproj", "{2573D753-A774-49B2-B14C-AFDB4C052C00}"
EndProject
Project("{FAE04EC0-301F-11D3-BF4B-00C04F79EFBC}") = "Tyuiu.BarabashMI.Sprint4.Task1.V18.Test", "Tyuiu.BarabashMI.Sprint4.Task1.V18.Test\Tyuiu.BarabashMI.Sprint4.Task1.V18.Test.csproj", "{0B0DE31E-8C83-4AD7-8802-DB4B7C30C5DD}"
EndProject
Global
	GlobalSection(SolutionConfigurationPlatforms) = preSolution
		Debug|Any CPU = Debug|Any CPU
		Release|Any CPU = Release|Any CPU
	EndGlobalSection
	GlobalSection(ProjectConfigurationPlatforms) = postSolution
		{E3AF656D-585C-45A9-BD02-3F9DF6565C6B}.Debug|Any CPU.ActiveCfg = Debug|Any CPU
		{E3AF656D-585C-45A9-BD02-3F9DF6565C6B}.Debug|Any CPU.Build.0 = Debug|Any CPU
		{E3AF656D-585C-45A9-BD02-3F9DF6565C6B}.Release|Any CPU.ActiveCfg = Release|Any CPU
		{E3AF656D-585C-45A9-BD02-3F9DF6565C6B}.Release|Any CPU.Build.0 = Release|Any CPU
		{BD07BE01-7CE1-44F2-88E3-1833C818178A}.Debug|Any CPU.ActiveCfg = Debug|Any CPU
		{BD07BE01-7CE1-44F2-88E3-1833C818178A}.Debug|Any CPU.Build.0 = Debug|Any CPU
		{BD07BE01-7CE1-44F2-88E3-1833C818178A}.Release|Any CPU.ActiveCfg = Release|Any CPU
		{BD07BE01-7CE1-44F2-88E3-1833C818178A}.Release|Any CPU.Build.0 = Release|Any CPU
		{17EEE170-CC23-4FDD-83E9-C85DED32791A}.Debug|Any CPU.ActiveCfg = Debug|Any CPU
		{17EEE170-CC23-4FDD-83E9-C85DED32791A}.Debug|Any CPU.Build.0 = Debug|Any CPU
		{17EEE170-CC23-4FDD-83E9-C85DED32791A}.Release|Any CPU.ActiveCfg = Release|Any CPU
		{17EEE170-CC23-4FDD-83E9-C85DED32791A}.Release|Any CPU.Build.0 = Release|Any CPU
		{2F68D7D0-34D2-4092-B804-E85DBD90B3F7}.Debug|Any CPU.ActiveCfg = Debug|Any CPU
		{2F68D7D0-34D2-4092-B804-E85DBD90B3F7}.Debug|Any CPU.Build.0 = Debug|Any CPU
		{2F68D7D0-34D2-4092-B804-E85DBD90B3F7}.Release|Any CPU.ActiveCfg = Release|Any CPU
		{2F68D7D0-34D2-4092-B804-E85DBD90B3F7}.Release|Any CPU.Build.0 = Release|Any CPU
		{2573D753-A774-49B2-B14C-AFDB4C052C00}.Debug|Any CPU.ActiveCfg = Debug|Any CPU
		{2573D753-A774-49B2-B14C-AFDB4C052C00}.Debug|Any CPU.Build.0 = Debug|Any CPU
		{2573D753-A774-49B2-B14C-AFDB4C052C00}.Release|Any CPU.ActiveCfg = Release|Any CPU
		{2573D753-A774-49B2-B14C-AFDB4C052C00}.Release|Any CPU.Build.0 = Release|Any CPU
		{0B0DE31E-8C83-4AD7-8802-DB4B7C30C5DD}.Debug|Any CPU.ActiveCfg = Debug|Any CPU
		{0B0DE31E-8C83-4AD7-8802-DB4B7C30C5DD}.Debug|Any CPU.Build.0 = Debug|Any CPU
		{0B0DE31E-8C83-4AD7-8802-DB4B7C30C5DD}.Release|Any CPU.ActiveCfg = Release|Any CPU
		{0B0DE31E-8C83-4AD7-8802-DB4B7C30C5DD}.Release|Any CPU.Build.0 = Release|Any CPU
	EndGlobalSection
	GlobalSection(SolutionProperties) = preSolution
		HideSolutionNode = FALSE
	EndGlobalSection
	GlobalSection(NestedProjects) = preSolution
		{E3AF656D-585C-45A9-BD02-3F9DF6565C6B} = {36D591C7-65C7-A0D1-1CBC-10CDE441BDC8}
		{BD07BE01-7CE1-44F2-88E3-1833C818178A} = {36D591C7-65C7-A0D1-1CBC-10CDE441BDC8}
		{17EEE170-CC23-4FDD-83E9-C85DED32791A} = {36D591C7-65C7-A0D1-1CBC-10CDE441BDC8}
		{2F68D7D0-34D2-4092-B804-E85DBD90B3F7} = {B6629A8F-C004-482D-8B76-681D1323F2F6}
		{2573D753-A774-49B2-B14C-AFDB4C052C00} = {B6629A8F-C004-482D-8B76-681D1323F2F6}
		{0B0DE31E-8C83-4AD7-8802-DB4B7C30C5DD} = {B6629A8F-C004-482D-8B76-681D1323F2F6}
	EndGlobalSection
	GlobalSection(ExtensibilityGlobals) = postSolution
		SolutionGuid = {41E8BC51-6B59-4391-BE3B-3B28B1920B97}
	EndGlobalSection
EndGlobal
